
Microsoft Visual Studio Solution File, Format Version 12.00
# Visual Studio Version 16
VisualStudioVersion = 16.0.30114.105
MinimumVisualStudioVersion = 10.0.40219.1
Project("{FAE04EC0-301F-11D3-BF4B-00C04F79EFBC}") = "Orders", "Orders\Orders.csproj", "{2E07BE42-28BA-44F5-BF83-F79F8E660B15}"
EndProject
Project("{FAE04EC0-301F-11D3-BF4B-00C04F79EFBC}") = "OrdersClient", "OrdersClient\OrdersClient.csproj", "{9A0CFA0B-B35B-4629-ABDC-492EDA4ED8ED}"
EndProject
Project("{FAE04EC0-301F-11D3-BF4B-00C04F79EFBC}") = "test", "test\test.csproj", "{C081D50D-9DFB-4378-B05A-8C289DD7160E}"
EndProject
Global
	GlobalSection(SolutionConfigurationPlatforms) = preSolution
		Debug|Any CPU = Debug|Any CPU
		Release|Any CPU = Release|Any CPU
	EndGlobalSection
	GlobalSection(ProjectConfigurationPlatforms) = postSolution
		{2E07BE42-28BA-44F5-BF83-F79F8E660B15}.Debug|Any CPU.ActiveCfg = Debug|Any CPU
		{2E07BE42-28BA-44F5-BF83-F79F8E660B15}.Debug|Any CPU.Build.0 = Debug|Any CPU
		{2E07BE42-28BA-44F5-BF83-F79F8E660B15}.Release|Any CPU.ActiveCfg = Release|Any CPU
		{2E07BE42-28BA-44F5-BF83-F79F8E660B15}.Release|Any CPU.Build.0 = Release|Any CPU
		{9A0CFA0B-B35B-4629-ABDC-492EDA4ED8ED}.Debug|Any CPU.ActiveCfg = Debug|Any CPU
		{9A0CFA0B-B35B-4629-ABDC-492EDA4ED8ED}.Debug|Any CPU.Build.0 = Debug|Any CPU
		{9A0CFA0B-B35B-4629-ABDC-492EDA4ED8ED}.Release|Any CPU.ActiveCfg = Release|Any CPU
		{9A0CFA0B-B35B-4629-ABDC-492EDA4ED8ED}.Release|Any CPU.Build.0 = Release|Any CPU
		{C081D50D-9DFB-4378-B05A-8C289DD7160E}.Debug|Any CPU.ActiveCfg = Debug|Any CPU
		{C081D50D-9DFB-4378-B05A-8C289DD7160E}.Debug|Any CPU.Build.0 = Debug|Any CPU
		{C081D50D-9DFB-4378-B05A-8C289DD7160E}.Release|Any CPU.ActiveCfg = Release|Any CPU
		{C081D50D-9DFB-4378-B05A-8C289DD7160E}.Release|Any CPU.Build.0 = Release|Any CPU
	EndGlobalSection
	GlobalSection(SolutionProperties) = preSolution
		HideSolutionNode = FALSE
	EndGlobalSection
	GlobalSection(ExtensibilityGlobals) = postSolution
		SolutionGuid = {4E409100-B30A-4E48-A040-B36252DF7E00}
	EndGlobalSection
EndGlobal
